{
  "name": "node_learning",
  "version": "1.0.0",
  "lockfileVersion": 1,
  "requires": true,
  "dependencies": {
    "nodedump": {
      "version": "0.0.8",
      "resolved": "https://registry.npmjs.org/nodedump/-/nodedump-0.0.8.tgz",
      "integrity": "sha1-0v7Fc8cNnbVaX2WtYKykO7gM2oY=",
      "dev": true
    }
  }
}
